
Microsoft Visual Studio Solution File, Format Version 12.00
# Visual Studio Version 17
VisualStudioVersion = 17.11.35222.181
MinimumVisualStudioVersion = 10.0.40219.1
Project("{FAE04EC0-301F-11D3-BF4B-00C04F79EFBC}") = "numero par o impar", "numero par o impar.csproj", "{FF8A9FFA-E212-442A-A13A-2228DC4A693D}"
EndProject
Global
	GlobalSection(SolutionConfigurationPlatforms) = preSolution
		Debug|Any CPU = Debug|Any CPU
		Release|Any CPU = Release|Any CPU
	EndGlobalSection
	GlobalSection(ProjectConfigurationPlatforms) = postSolution
		{FF8A9FFA-E212-442A-A13A-2228DC4A693D}.Debug|Any CPU.ActiveCfg = Debug|Any CPU
		{FF8A9FFA-E212-442A-A13A-2228DC4A693D}.Debug|Any CPU.Build.0 = Debug|Any CPU
		{FF8A9FFA-E212-442A-A13A-2228DC4A693D}.Release|Any CPU.ActiveCfg = Release|Any CPU
		{FF8A9FFA-E212-442A-A13A-2228DC4A693D}.Release|Any CPU.Build.0 = Release|Any CPU
	EndGlobalSection
	GlobalSection(SolutionProperties) = preSolution
		HideSolutionNode = FALSE
	EndGlobalSection
	GlobalSection(ExtensibilityGlobals) = postSolution
		SolutionGuid = {B6784E95-A7E3-4B72-9D9C-AB701E8B45C9}
	EndGlobalSection
EndGlobal
